
Microsoft Visual Studio Solution File, Format Version 12.00
# Visual Studio Version 17
VisualStudioVersion = 17.6.33829.357
MinimumVisualStudioVersion = 10.0.40219.1
Project("{FAE04EC0-301F-11D3-BF4B-00C04F79EFBC}") = "API", "API\API.csproj", "{D72D4DA4-0DA3-4A30-B5A8-7FFF773E3A05}"
EndProject
Project("{2150E333-8FDC-42A3-9474-1A3956D46DE8}") = "Solution Items", "Solution Items", "{E1500645-9081-4E53-9560-B7F64583575A}"
	ProjectSection(SolutionItems) = preProject
		README.md = README.md
	EndProjectSection
EndProject
Global
	GlobalSection(SolutionConfigurationPlatforms) = preSolution
		Debug|Any CPU = Debug|Any CPU
		Release|Any CPU = Release|Any CPU
	EndGlobalSection
	GlobalSection(ProjectConfigurationPlatforms) = postSolution
		{D72D4DA4-0DA3-4A30-B5A8-7FFF773E3A05}.Debug|Any CPU.ActiveCfg = Debug|Any CPU
		{D72D4DA4-0DA3-4A30-B5A8-7FFF773E3A05}.Debug|Any CPU.Build.0 = Debug|Any CPU
		{D72D4DA4-0DA3-4A30-B5A8-7FFF773E3A05}.Release|Any CPU.ActiveCfg = Release|Any CPU
		{D72D4DA4-0DA3-4A30-B5A8-7FFF773E3A05}.Release|Any CPU.Build.0 = Release|Any CPU
	EndGlobalSection
	GlobalSection(SolutionProperties) = preSolution
		HideSolutionNode = FALSE
	EndGlobalSection
	GlobalSection(ExtensibilityGlobals) = postSolution
		SolutionGuid = {A1DA8887-4271-48BB-95AF-CFAC636BD174}
	EndGlobalSection
EndGlobal
